// !$*UTF8*$!
{
	archiveVersion = 1;
	classes = {
	};
	objectVersion = 46;
	objects = {

/* Begin PBXBuildFiles section */
		14C09A4541B4B23729AEFCF0 /* Lightmap.cpp in relight */ = {isa = PBXBuildFile; fileRef = F9A1B3F959006CEDE9188FA3 /* Lightmap.cpp */; };
		F12F9DA6C5DACADE7F454E74 /* Radiosity.cpp in relight */ = {isa = PBXBuildFile; fileRef = 345430A83CCD6719A0E794CB /* Radiosity.cpp */; };
		29B6AAD36746F10CE6912E7F /* Relight.cpp in relight */ = {isa = PBXBuildFile; fileRef = 0736F9167E25AC76D0B38196 /* Relight.cpp */; };
		58B329FD72C9AA252F053271 /* Vector.cpp in relight */ = {isa = PBXBuildFile; fileRef = 35B6303890807F16547DA239 /* Vector.cpp */; };
		006D6331FC96387A314B999A /* Embree.cpp in relight */ = {isa = PBXBuildFile; fileRef = AE33204B7FC4722007C7D2F3 /* Embree.cpp */; };
		19B792F7FDAAC6F71D44B4B1 /* AmbientOcclusion.cpp in relight */ = {isa = PBXBuildFile; fileRef = 91421C0C45B036237B2D926B /* AmbientOcclusion.cpp */; };
		2E8D0D12CBE43F6F33E7A687 /* Baker.cpp in relight */ = {isa = PBXBuildFile; fileRef = 9AAAD836C8771643191FDC5A /* Baker.cpp */; };
		FE7068085C354B687B3D04D5 /* DirectLight.cpp in relight */ = {isa = PBXBuildFile; fileRef = CD9A1C9E41892E60F337A93E /* DirectLight.cpp */; };
		D7EC7FF4A492F6C004770790 /* IndirectLight.cpp in relight */ = {isa = PBXBuildFile; fileRef = D61BE5532339BE5957173F94 /* IndirectLight.cpp */; };
		83501F009EF8EF28C4225ECA /* Photons.cpp in relight */ = {isa = PBXBuildFile; fileRef = 713FA92C8E7FF92F51C86B4C /* Photons.cpp */; };
		C362FD1166D858911CB0B9DE /* Light.cpp in relight */ = {isa = PBXBuildFile; fileRef = 9DAB7898D102B1065EC91067 /* Light.cpp */; };
		4A833C860099032BBE709563 /* Material.cpp in relight */ = {isa = PBXBuildFile; fileRef = FB5A574A8681EDEF871C8439 /* Material.cpp */; };
		8349AD95E703B5BED7BFA5F6 /* Mesh.cpp in relight */ = {isa = PBXBuildFile; fileRef = 70449848217910BE63212586 /* Mesh.cpp */; };
		77C231C2C56D852FC224A8F2 /* MeshLoader.cpp in relight */ = {isa = PBXBuildFile; fileRef = 01A1F0ADA6428537040DF398 /* MeshLoader.cpp */; };
		3873E089EF7599CC2F01E86A /* Scene.cpp in relight */ = {isa = PBXBuildFile; fileRef = DF74C24A54BE0BA54C9A68CF /* Scene.cpp */; };

/* End PBXBuildFiles section */

/* Begin PBXContainerItemProxy section */

/* End PBXContainerItemProxy section */

/* Begin PBXFileReference section */
		4982F92A95DE15B7EA728979 /* librelight.a */ = {isa = PBXFileReference; explicitFileType = archive.ar; includeInIndex = 0; name = librelight.a; path = librelight.a; sourceTree = BUILT_PRODUCTS_DIR; };
		61A8CF608540DB59142769A2 /* BuildCheck.h */ = {isa = PBXFileReference; explicitFileType = sourcecode.c.h; includeInIndex = 0; name = BuildCheck.h; path = ../../../src/relight/BuildCheck.h; sourceTree = "<group>"; };
		F9A1B3F959006CEDE9188FA3 /* Lightmap.cpp */ = {isa = PBXFileReference; explicitFileType = sourcecode.cpp.cpp; includeInIndex = 0; name = Lightmap.cpp; path = ../../../src/relight/Lightmap.cpp; sourceTree = "<group>"; };
		9F83D8665D8AD29686409A92 /* Lightmap.h */ = {isa = PBXFileReference; explicitFileType = sourcecode.c.h; includeInIndex = 0; name = Lightmap.h; path = ../../../src/relight/Lightmap.h; sourceTree = "<group>"; };
		D65D06EC237BBA0C77786CF4 /* Makefile.py */ = {isa = PBXFileReference; explicitFileType = sourcecode; includeInIndex = 0; name = Makefile.py; path = ../../../src/relight/Makefile.py; sourceTree = "<group>"; };
		345430A83CCD6719A0E794CB /* Radiosity.cpp */ = {isa = PBXFileReference; explicitFileType = sourcecode.cpp.cpp; includeInIndex = 0; name = Radiosity.cpp; path = ../../../src/relight/Radiosity.cpp; sourceTree = "<group>"; };
		2335AA4E7D14A05697C433CE /* Radiosity.h */ = {isa = PBXFileReference; explicitFileType = sourcecode.c.h; includeInIndex = 0; name = Radiosity.h; path = ../../../src/relight/Radiosity.h; sourceTree = "<group>"; };
		0736F9167E25AC76D0B38196 /* Relight.cpp */ = {isa = PBXFileReference; explicitFileType = sourcecode.cpp.cpp; includeInIndex = 0; name = Relight.cpp; path = ../../../src/relight/Relight.cpp; sourceTree = "<group>"; };
		7794142532F6FF248C332246 /* Relight.h */ = {isa = PBXFileReference; explicitFileType = sourcecode.c.h; includeInIndex = 0; name = Relight.h; path = ../../../src/relight/Relight.h; sourceTree = "<group>"; };
		35B6303890807F16547DA239 /* Vector.cpp */ = {isa = PBXFileReference; explicitFileType = sourcecode.cpp.cpp; includeInIndex = 0; name = Vector.cpp; path = ../../../src/relight/Vector.cpp; sourceTree = "<group>"; };
		969C850278AD59D62FB5EBF7 /* Vector.h */ = {isa = PBXFileReference; explicitFileType = sourcecode.c.h; includeInIndex = 0; name = Vector.h; path = ../../../src/relight/Vector.h; sourceTree = "<group>"; };
		AE33204B7FC4722007C7D2F3 /* Embree.cpp */ = {isa = PBXFileReference; explicitFileType = sourcecode.cpp.cpp; includeInIndex = 0; name = Embree.cpp; path = ../../../src/relight/rt/Embree.cpp; sourceTree = "<group>"; };
		BF0AF2BA6ED3291A72BB565F /* Embree.h */ = {isa = PBXFileReference; explicitFileType = sourcecode.c.h; includeInIndex = 0; name = Embree.h; path = ../../../src/relight/rt/Embree.h; sourceTree = "<group>"; };
		493F089F8A4739AD5BA09583 /* Tracer.h */ = {isa = PBXFileReference; explicitFileType = sourcecode.c.h; includeInIndex = 0; name = Tracer.h; path = ../../../src/relight/rt/Tracer.h; sourceTree = "<group>"; };
		91421C0C45B036237B2D926B /* AmbientOcclusion.cpp */ = {isa = PBXFileReference; explicitFileType = sourcecode.cpp.cpp; includeInIndex = 0; name = AmbientOcclusion.cpp; path = ../../../src/relight/baker/AmbientOcclusion.cpp; sourceTree = "<group>"; };
		34B7E7AF55079DF1B55EEE38 /* AmbientOcclusion.h */ = {isa = PBXFileReference; explicitFileType = sourcecode.c.h; includeInIndex = 0; name = AmbientOcclusion.h; path = ../../../src/relight/baker/AmbientOcclusion.h; sourceTree = "<group>"; };
		9AAAD836C8771643191FDC5A /* Baker.cpp */ = {isa = PBXFileReference; explicitFileType = sourcecode.cpp.cpp; includeInIndex = 0; name = Baker.cpp; path = ../../../src/relight/baker/Baker.cpp; sourceTree = "<group>"; };
		59FAF7B325A649703FA0BDDB /* Baker.h */ = {isa = PBXFileReference; explicitFileType = sourcecode.c.h; includeInIndex = 0; name = Baker.h; path = ../../../src/relight/baker/Baker.h; sourceTree = "<group>"; };
		CD9A1C9E41892E60F337A93E /* DirectLight.cpp */ = {isa = PBXFileReference; explicitFileType = sourcecode.cpp.cpp; includeInIndex = 0; name = DirectLight.cpp; path = ../../../src/relight/baker/DirectLight.cpp; sourceTree = "<group>"; };
		8FF44630295944B53FB6FCED /* DirectLight.h */ = {isa = PBXFileReference; explicitFileType = sourcecode.c.h; includeInIndex = 0; name = DirectLight.h; path = ../../../src/relight/baker/DirectLight.h; sourceTree = "<group>"; };
		D61BE5532339BE5957173F94 /* IndirectLight.cpp */ = {isa = PBXFileReference; explicitFileType = sourcecode.cpp.cpp; includeInIndex = 0; name = IndirectLight.cpp; path = ../../../src/relight/baker/IndirectLight.cpp; sourceTree = "<group>"; };
		0972B3E142EEB68859661CBD /* IndirectLight.h */ = {isa = PBXFileReference; explicitFileType = sourcecode.c.h; includeInIndex = 0; name = IndirectLight.h; path = ../../../src/relight/baker/IndirectLight.h; sourceTree = "<group>"; };
		713FA92C8E7FF92F51C86B4C /* Photons.cpp */ = {isa = PBXFileReference; explicitFileType = sourcecode.cpp.cpp; includeInIndex = 0; name = Photons.cpp; path = ../../../src/relight/baker/Photons.cpp; sourceTree = "<group>"; };
		726DD7D02EF163488CC77FD1 /* Photons.h */ = {isa = PBXFileReference; explicitFileType = sourcecode.c.h; includeInIndex = 0; name = Photons.h; path = ../../../src/relight/baker/Photons.h; sourceTree = "<group>"; };
		9DAB7898D102B1065EC91067 /* Light.cpp */ = {isa = PBXFileReference; explicitFileType = sourcecode.cpp.cpp; includeInIndex = 0; name = Light.cpp; path = ../../../src/relight/scene/Light.cpp; sourceTree = "<group>"; };
		55581893D586B927804B0036 /* Light.h */ = {isa = PBXFileReference; explicitFileType = sourcecode.c.h; includeInIndex = 0; name = Light.h; path = ../../../src/relight/scene/Light.h; sourceTree = "<group>"; };
		FB5A574A8681EDEF871C8439 /* Material.cpp */ = {isa = PBXFileReference; explicitFileType = sourcecode.cpp.cpp; includeInIndex = 0; name = Material.cpp; path = ../../../src/relight/scene/Material.cpp; sourceTree = "<group>"; };
		FF71327B969A8686B0BCADAA /* Material.h */ = {isa = PBXFileReference; explicitFileType = sourcecode.c.h; includeInIndex = 0; name = Material.h; path = ../../../src/relight/scene/Material.h; sourceTree = "<group>"; };
		70449848217910BE63212586 /* Mesh.cpp */ = {isa = PBXFileReference; explicitFileType = sourcecode.cpp.cpp; includeInIndex = 0; name = Mesh.cpp; path = ../../../src/relight/scene/Mesh.cpp; sourceTree = "<group>"; };
		60EC310C2982EEE83F7904F0 /* Mesh.h */ = {isa = PBXFileReference; explicitFileType = sourcecode.c.h; includeInIndex = 0; name = Mesh.h; path = ../../../src/relight/scene/Mesh.h; sourceTree = "<group>"; };
		01A1F0ADA6428537040DF398 /* MeshLoader.cpp */ = {isa = PBXFileReference; explicitFileType = sourcecode.cpp.cpp; includeInIndex = 0; name = MeshLoader.cpp; path = ../../../src/relight/scene/MeshLoader.cpp; sourceTree = "<group>"; };
		E98B54A6E99CBFF44A4B8E95 /* MeshLoader.h */ = {isa = PBXFileReference; explicitFileType = sourcecode.c.h; includeInIndex = 0; name = MeshLoader.h; path = ../../../src/relight/scene/MeshLoader.h; sourceTree = "<group>"; };
		DF74C24A54BE0BA54C9A68CF /* Scene.cpp */ = {isa = PBXFileReference; explicitFileType = sourcecode.cpp.cpp; includeInIndex = 0; name = Scene.cpp; path = ../../../src/relight/scene/Scene.cpp; sourceTree = "<group>"; };
		3C404CEE5C4CB28ABAE0F6DF /* Scene.h */ = {isa = PBXFileReference; explicitFileType = sourcecode.c.h; includeInIndex = 0; name = Scene.h; path = ../../../src/relight/scene/Scene.h; sourceTree = "<group>"; };

/* End PBXFileReference section */

/* Begin PBXGroup section */

		A5BBFAA8685C7D5CD63C9388 /* None */ = {
			isa = PBXGroup;
			children = (
				91F5F610371D9C8B1222068C /* Sources */,
				98696C58690C4BD7B9C853E3 /* Frameworks */,
				E8FF02AC0DE86D0409714841 /* Products */,

			);
			
			sourceTree = "<group>";
		};

		91F5F610371D9C8B1222068C /* Sources */ = {
			isa = PBXGroup;
			children = (
				61A8CF608540DB59142769A2 /* BuildCheck.h */,
				F9A1B3F959006CEDE9188FA3 /* Lightmap.cpp */,
				9F83D8665D8AD29686409A92 /* Lightmap.h */,
				D65D06EC237BBA0C77786CF4 /* Makefile.py */,
				345430A83CCD6719A0E794CB /* Radiosity.cpp */,
				2335AA4E7D14A05697C433CE /* Radiosity.h */,
				0736F9167E25AC76D0B38196 /* Relight.cpp */,
				7794142532F6FF248C332246 /* Relight.h */,
				35B6303890807F16547DA239 /* Vector.cpp */,
				969C850278AD59D62FB5EBF7 /* Vector.h */,
				2C1E19830052B7A5BFF15BA0 /* rt */,
				CBA970E8DA998C6FAB3EB34D /* baker */,
				C1F707F97B7F2EB58174D7BB /* scene */,

			);
			name = Sources;
			sourceTree = "<group>";
		};

		98696C58690C4BD7B9C853E3 /* Frameworks */ = {
			isa = PBXGroup;
			children = (

			);
			name = Frameworks;
			sourceTree = "<group>";
		};

		E8FF02AC0DE86D0409714841 /* Products */ = {
			isa = PBXGroup;
			children = (
				4982F92A95DE15B7EA728979 /* librelight.a */,

			);
			name = Products;
			sourceTree = "<group>";
		};

		2C1E19830052B7A5BFF15BA0 /* rt */ = {
			isa = PBXGroup;
			children = (
				AE33204B7FC4722007C7D2F3 /* Embree.cpp */,
				BF0AF2BA6ED3291A72BB565F /* Embree.h */,
				493F089F8A4739AD5BA09583 /* Tracer.h */,

			);
			name = rt;
			sourceTree = "<group>";
		};

		CBA970E8DA998C6FAB3EB34D /* baker */ = {
			isa = PBXGroup;
			children = (
				91421C0C45B036237B2D926B /* AmbientOcclusion.cpp */,
				34B7E7AF55079DF1B55EEE38 /* AmbientOcclusion.h */,
				9AAAD836C8771643191FDC5A /* Baker.cpp */,
				59FAF7B325A649703FA0BDDB /* Baker.h */,
				CD9A1C9E41892E60F337A93E /* DirectLight.cpp */,
				8FF44630295944B53FB6FCED /* DirectLight.h */,
				D61BE5532339BE5957173F94 /* IndirectLight.cpp */,
				0972B3E142EEB68859661CBD /* IndirectLight.h */,
				713FA92C8E7FF92F51C86B4C /* Photons.cpp */,
				726DD7D02EF163488CC77FD1 /* Photons.h */,

			);
			name = baker;
			sourceTree = "<group>";
		};

		C1F707F97B7F2EB58174D7BB /* scene */ = {
			isa = PBXGroup;
			children = (
				9DAB7898D102B1065EC91067 /* Light.cpp */,
				55581893D586B927804B0036 /* Light.h */,
				FB5A574A8681EDEF871C8439 /* Material.cpp */,
				FF71327B969A8686B0BCADAA /* Material.h */,
				70449848217910BE63212586 /* Mesh.cpp */,
				60EC310C2982EEE83F7904F0 /* Mesh.h */,
				01A1F0ADA6428537040DF398 /* MeshLoader.cpp */,
				E98B54A6E99CBFF44A4B8E95 /* MeshLoader.h */,
				DF74C24A54BE0BA54C9A68CF /* Scene.cpp */,
				3C404CEE5C4CB28ABAE0F6DF /* Scene.h */,

			);
			name = scene;
			sourceTree = "<group>";
		};

/* End PBXGroup section */

/* Begin PBXNativeTarget section */

		F0B57A6A12F5A9DC6BB3102E /* relight */ = {
			isa = PBXNativeTarget;
			buildConfigurationList = 507C79B92BC324783A0DC176 /* Build configuration list for PBXNativeTarget "relight" */;
			buildPhases = (
				CEBF79B720AB69762182327F /* Sources */,
				AEDE2BD97A60A7079A906A76 /* Frameworks */,

			);
			buildRules = (
			);
			dependencies = (

			);
			name = relight;
			productName = relight;
			productReference = 4982F92A95DE15B7EA728979 /* librelight.a */;
			productType = "com.apple.product-type.library.static";
		};

/* End PBXNativeTarget section */

/* Begin PBXProject section */

		2493A4D7B5C274C42467E9FA /* Project object */ = {
			isa = PBXProject;
			attributes = {
				LastUpgradeCheck = 0510;
				ORGANIZATIONNAME = YAP;
				TargetAttributes = {

				};
			};
			buildConfigurationList = 606B2B7FC12C7A625DBA431D /* Build configuration list for PBXProject "relight" */;
			compatibilityVersion = "Xcode 3.2";
			developmentRegion = English;
			hasScannedForEncodings = 0;
			knownRegions = (
				en,
			);
			mainGroup = A5BBFAA8685C7D5CD63C9388;
			productRefGroup = E8FF02AC0DE86D0409714841 /* Products */;
			projectDirPath = "";
			projectRoot = "";
			targets = (
				F0B57A6A12F5A9DC6BB3102E /* relight */,

			);
		};

/* End PBXProject section */

/* Begin PBXBuildPhase section */

		CEBF79B720AB69762182327F /* relight */ = {
			isa = PBXSourcesBuildPhase;
			buildActionMask = 2147483647;
			files = (
				14C09A4541B4B23729AEFCF0 /* Lightmap.cpp */,
				F12F9DA6C5DACADE7F454E74 /* Radiosity.cpp */,
				29B6AAD36746F10CE6912E7F /* Relight.cpp */,
				58B329FD72C9AA252F053271 /* Vector.cpp */,
				006D6331FC96387A314B999A /* Embree.cpp */,
				19B792F7FDAAC6F71D44B4B1 /* AmbientOcclusion.cpp */,
				2E8D0D12CBE43F6F33E7A687 /* Baker.cpp */,
				FE7068085C354B687B3D04D5 /* DirectLight.cpp */,
				D7EC7FF4A492F6C004770790 /* IndirectLight.cpp */,
				83501F009EF8EF28C4225ECA /* Photons.cpp */,
				C362FD1166D858911CB0B9DE /* Light.cpp */,
				4A833C860099032BBE709563 /* Material.cpp */,
				8349AD95E703B5BED7BFA5F6 /* Mesh.cpp */,
				77C231C2C56D852FC224A8F2 /* MeshLoader.cpp */,
				3873E089EF7599CC2F01E86A /* Scene.cpp */,

			);
			runOnlyForDeploymentPostprocessing = 0;
		};

		AEDE2BD97A60A7079A906A76 /* relight */ = {
			isa = PBXFrameworksBuildPhase;
			buildActionMask = 2147483647;
			files = (

			);
			runOnlyForDeploymentPostprocessing = 0;
		};

/* End PBXBuildPhase section */

/* Begin PBXTargetDependency section */

/* End PBXTargetDependency section */

/* Begin PBXConfiguration section */

		E611047735380957C54CD0D9 /* Debug */ = {
			isa = XCBuildConfiguration;
			buildSettings = {
				SDKROOT = macosx10.10;
				ALWAYS_SEARCH_USER_PATHS = NO;
				ARCHS = x86_64;

			};
			name = Debug;
		};

		FA68C846E88247101ED54086 /* Release */ = {
			isa = XCBuildConfiguration;
			buildSettings = {
				SDKROOT = macosx10.10;
				ALWAYS_SEARCH_USER_PATHS = NO;
				ARCHS = x86_64;

			};
			name = Release;
		};

		040E8ED9D15E0480ECC2C014 /* Debug */ = {
			isa = XCBuildConfiguration;
			buildSettings = {
				LIBRARY_SEARCH_PATHS = (
					"$(inherited)",
				);
				HEADER_SEARCH_PATHS = (
					"../../../externals/include",
					"$(inherited)",
				);
				PRODUCT_NAME = "$(TARGET_NAME)";
				GCC_PREPROCESSOR_DEFINITIONS = (
					"DC_PLATFORM_MACOS",
					"",
					"DC_PLATFORM=MacOS",
					"",
					"RELIGHT_BUILD_LIBRARY",
					"",
					"HAVE_EMBREE2",
				);

			};
			name = Debug;
		};

		B6C7DA516224BE1EFCF1E0E1 /* Release */ = {
			isa = XCBuildConfiguration;
			buildSettings = {
				LIBRARY_SEARCH_PATHS = (
					"$(inherited)",
				);
				HEADER_SEARCH_PATHS = (
					"../../../externals/include",
					"$(inherited)",
				);
				PRODUCT_NAME = "$(TARGET_NAME)";
				GCC_PREPROCESSOR_DEFINITIONS = (
					"DC_PLATFORM_MACOS",
					"",
					"DC_PLATFORM=MacOS",
					"",
					"RELIGHT_BUILD_LIBRARY",
					"",
					"HAVE_EMBREE2",
				);

			};
			name = Release;
		};

/* End PBXConfiguration section */

/* Begin PBXConfigurationList section */

		606B2B7FC12C7A625DBA431D /* Build configuration list for PBXProject relight */ = {
			isa = XCConfigurationList;
			buildConfigurations = (
				E611047735380957C54CD0D9 /* Debug */,
				FA68C846E88247101ED54086 /* Release */,

			);
			defaultConfigurationIsVisible = 0;
			defaultConfigurationName = Debug;
		};

		507C79B92BC324783A0DC176 /* Build configuration list for PBXNativeTarget relight */ = {
			isa = XCConfigurationList;
			buildConfigurations = (
				040E8ED9D15E0480ECC2C014 /* Debug */,
				B6C7DA516224BE1EFCF1E0E1 /* Release */,

			);
			defaultConfigurationIsVisible = 0;
			defaultConfigurationName = Debug;
		};

/* End PBXConfigurationList section */

	};
	rootObject = 2493A4D7B5C274C42467E9FA /* Project object */;
}
