// !$*UTF8*$!
{
	archiveVersion = 1;
	classes = {
	};
	objectVersion = 46;
	objects = {

/* Begin PBXBuildFile section */
		32113574DFA0E6068412B9CD /* GLUT.framework in Frameworks */ = {isa = PBXBuildFile; fileRef = CDFE37715B7C2571AAD4D658 /* GLUT.framework */; };
		349A88718555E0B357C6D134 /* input.cpp in Sources */ = {isa = PBXBuildFile; fileRef = 2AB5C65F9D87DE1A5E02B1D2 /* input.cpp */; };
		408157BDB573A620C539411D /* main.cpp in Sources */ = {isa = PBXBuildFile; fileRef = E7F34BBB99F60DE504C45814 /* main.cpp */; };
		43F0E11E066F4538D649DA2A /* libsimd.a in Frameworks */ = {isa = PBXBuildFile; fileRef = 3798BFE4D7F1BEEC6AE7021E /* libsimd.a */; };
		4911E8D3D5000485483A0C44 /* librelight.a in Frameworks */ = {isa = PBXBuildFile; fileRef = 0824271E5D53C6800321EFB0 /* librelight.a */; };
		53189AC7A5F8AE40C45B56B0 /* mathlib.cpp in Sources */ = {isa = PBXBuildFile; fileRef = 795957759A457B2C5E47D0C7 /* mathlib.cpp */; };
		672D9104274B3981126E1424 /* camera.cpp in Sources */ = {isa = PBXBuildFile; fileRef = EC8B2771B5E21105451B9B98 /* camera.cpp */; };
		86F07739B5AA5A4C84B3CEE1 /* QuartzCore.framework in Frameworks */ = {isa = PBXBuildFile; fileRef = 496591D3D27D9A87000FB06E /* QuartzCore.framework */; };
		CB7EEF208401E88E10B84A00 /* TestRadiosity.cpp in Sources */ = {isa = PBXBuildFile; fileRef = 3F35595324F8F10E444B6A18 /* TestRadiosity.cpp */; };
		D3486BA0ED27B42C45C083E1 /* libembree_sse42.a in Frameworks */ = {isa = PBXBuildFile; fileRef = 9115803D0ADC8C1642F81147 /* libembree_sse42.a */; };
		D9399C9ED7A3271F46B7948E /* OpenGL.framework in Frameworks */ = {isa = PBXBuildFile; fileRef = AB3E3086691E867E90E4C239 /* OpenGL.framework */; };
		E5E50099C7425C5C60815BB9 /* libembree_sse41.a in Frameworks */ = {isa = PBXBuildFile; fileRef = 27E3802934DA93A280B26E9A /* libembree_sse41.a */; };
		EA4DB434DF0F6A1094F40A6F /* libembree.a in Frameworks */ = {isa = PBXBuildFile; fileRef = 0364DA15A9CCDBE2BCEB6C31 /* libembree.a */; };
		EDAE0B907ECFE1F8AF5F9911 /* TestLightmapper.cpp in Sources */ = {isa = PBXBuildFile; fileRef = F93E537435DFB6F6101FE784 /* TestLightmapper.cpp */; };
		F17F673F2F21BC4971EEF31C /* libsys.a in Frameworks */ = {isa = PBXBuildFile; fileRef = 718CD1B4EB72A557B1BF307E /* libsys.a */; };
/* End PBXBuildFile section */

/* Begin PBXContainerItemProxy section */
		C5FA793B7B2A186F91F67580 /* PBXContainerItemProxy */ = {
			isa = PBXContainerItemProxy;
			containerPortal = 91FDAB5DEA2383F4229ECDB8 /* Project object */;
			proxyType = 1;
			remoteGlobalIDString = 36DEEE5AFEAADC3C683690F9;
			remoteInfo = relight;
		};
/* End PBXContainerItemProxy section */

/* Begin PBXFileReference section */
		0364DA15A9CCDBE2BCEB6C31 /* libembree.a */ = {isa = PBXFileReference; explicitFileType = archive.ar; includeInIndex = 0; path = libembree.a; sourceTree = "<group>"; };
		0824271E5D53C6800321EFB0 /* librelight.a */ = {isa = PBXFileReference; explicitFileType = archive.ar; includeInIndex = 0; path = librelight.a; sourceTree = BUILT_PRODUCTS_DIR; };
		17CBC6AF0EF082102471F5CF /* demo */ = {isa = PBXFileReference; explicitFileType = "compiled.mach-o.executable"; includeInIndex = 0; path = demo; sourceTree = BUILT_PRODUCTS_DIR; };
		27E3802934DA93A280B26E9A /* libembree_sse41.a */ = {isa = PBXFileReference; explicitFileType = archive.ar; includeInIndex = 0; path = libembree_sse41.a; sourceTree = "<group>"; };
		2AB5C65F9D87DE1A5E02B1D2 /* input.cpp */ = {isa = PBXFileReference; explicitFileType = sourcecode.cpp.cpp; includeInIndex = 0; name = input.cpp; path = ../../../src/demo/input.cpp; sourceTree = "<group>"; };
		2F38A1079CF9D8633130B0A3 /* TestLightmapper.h */ = {isa = PBXFileReference; explicitFileType = sourcecode.c.h; includeInIndex = 0; name = TestLightmapper.h; path = ../../../src/demo/TestLightmapper.h; sourceTree = "<group>"; };
		31C9316454E1F95F57066C3C /* Makefile.py */ = {isa = PBXFileReference; explicitFileType = sourcecode; includeInIndex = 0; name = Makefile.py; path = ../../../src/demo/Makefile.py; sourceTree = "<group>"; };
		3798BFE4D7F1BEEC6AE7021E /* libsimd.a */ = {isa = PBXFileReference; explicitFileType = archive.ar; includeInIndex = 0; path = libsimd.a; sourceTree = "<group>"; };
		3F35595324F8F10E444B6A18 /* TestRadiosity.cpp */ = {isa = PBXFileReference; explicitFileType = sourcecode.cpp.cpp; includeInIndex = 0; name = TestRadiosity.cpp; path = ../../../src/demo/TestRadiosity.cpp; sourceTree = "<group>"; };
		496591D3D27D9A87000FB06E /* QuartzCore.framework */ = {isa = PBXFileReference; explicitFileType = wrapper.framework; includeInIndex = 0; name = QuartzCore.framework; path = System/Library/Frameworks/QuartzCore.framework; sourceTree = SDKROOT; };
		657AB4B76515C0BC02FA7490 /* input.h */ = {isa = PBXFileReference; explicitFileType = sourcecode.c.h; includeInIndex = 0; name = input.h; path = ../../../src/demo/input.h; sourceTree = "<group>"; };
		6F575607D97593C1C00E629E /* TestRadiosity.h */ = {isa = PBXFileReference; explicitFileType = sourcecode.c.h; includeInIndex = 0; name = TestRadiosity.h; path = ../../../src/demo/TestRadiosity.h; sourceTree = "<group>"; };
		718CD1B4EB72A557B1BF307E /* libsys.a */ = {isa = PBXFileReference; explicitFileType = archive.ar; includeInIndex = 0; path = libsys.a; sourceTree = "<group>"; };
		795957759A457B2C5E47D0C7 /* mathlib.cpp */ = {isa = PBXFileReference; explicitFileType = sourcecode.cpp.cpp; includeInIndex = 0; name = mathlib.cpp; path = ../../../src/demo/mathlib.cpp; sourceTree = "<group>"; };
		889844487F3AC06FD886C2A4 /* camera.h */ = {isa = PBXFileReference; explicitFileType = sourcecode.c.h; includeInIndex = 0; name = camera.h; path = ../../../src/demo/camera.h; sourceTree = "<group>"; };
		9115803D0ADC8C1642F81147 /* libembree_sse42.a */ = {isa = PBXFileReference; explicitFileType = archive.ar; includeInIndex = 0; path = libembree_sse42.a; sourceTree = "<group>"; };
		AB3E3086691E867E90E4C239 /* OpenGL.framework */ = {isa = PBXFileReference; explicitFileType = wrapper.framework; includeInIndex = 0; name = OpenGL.framework; path = System/Library/Frameworks/OpenGL.framework; sourceTree = SDKROOT; };
		CDFE37715B7C2571AAD4D658 /* GLUT.framework */ = {isa = PBXFileReference; explicitFileType = wrapper.framework; includeInIndex = 0; name = GLUT.framework; path = System/Library/Frameworks/GLUT.framework; sourceTree = SDKROOT; };
		D0A6BFCD39B644BAAE41EE89 /* mathlib.h */ = {isa = PBXFileReference; explicitFileType = sourcecode.c.h; includeInIndex = 0; name = mathlib.h; path = ../../../src/demo/mathlib.h; sourceTree = "<group>"; };
		E7F34BBB99F60DE504C45814 /* main.cpp */ = {isa = PBXFileReference; explicitFileType = sourcecode.cpp.cpp; includeInIndex = 0; name = main.cpp; path = ../../../src/demo/main.cpp; sourceTree = "<group>"; };
		E9755E961DD4059EC51D9FB6 /* Test.h */ = {isa = PBXFileReference; explicitFileType = sourcecode.c.h; includeInIndex = 0; name = Test.h; path = ../../../src/demo/Test.h; sourceTree = "<group>"; };
		EC8B2771B5E21105451B9B98 /* camera.cpp */ = {isa = PBXFileReference; explicitFileType = sourcecode.cpp.cpp; includeInIndex = 0; name = camera.cpp; path = ../../../src/demo/camera.cpp; sourceTree = "<group>"; };
		EEB8F65F39EF94A2E3A10C10 /* Mesh.h */ = {isa = PBXFileReference; explicitFileType = sourcecode.c.h; includeInIndex = 0; name = Mesh.h; path = ../../../src/demo/Mesh.h; sourceTree = "<group>"; };
		F93E537435DFB6F6101FE784 /* TestLightmapper.cpp */ = {isa = PBXFileReference; explicitFileType = sourcecode.cpp.cpp; includeInIndex = 0; name = TestLightmapper.cpp; path = ../../../src/demo/TestLightmapper.cpp; sourceTree = "<group>"; };
/* End PBXFileReference section */

/* Begin PBXFrameworksBuildPhase section */
		6204F247DF0F1745933122B6 /* Frameworks */ = {
			isa = PBXFrameworksBuildPhase;
			buildActionMask = 2147483647;
			files = (
				4911E8D3D5000485483A0C44 /* librelight.a in Frameworks */,
				EA4DB434DF0F6A1094F40A6F /* libembree.a in Frameworks */,
				F17F673F2F21BC4971EEF31C /* libsys.a in Frameworks */,
				43F0E11E066F4538D649DA2A /* libsimd.a in Frameworks */,
				E5E50099C7425C5C60815BB9 /* libembree_sse41.a in Frameworks */,
				D3486BA0ED27B42C45C083E1 /* libembree_sse42.a in Frameworks */,
				D9399C9ED7A3271F46B7948E /* OpenGL.framework in Frameworks */,
				86F07739B5AA5A4C84B3CEE1 /* QuartzCore.framework in Frameworks */,
				32113574DFA0E6068412B9CD /* GLUT.framework in Frameworks */,
			);
			runOnlyForDeploymentPostprocessing = 0;
		};
/* End PBXFrameworksBuildPhase section */

/* Begin PBXGroup section */
		0C6AA5A3515DD2626DE906BC /* Frameworks */ = {
			isa = PBXGroup;
			children = (
				0824271E5D53C6800321EFB0 /* librelight.a */,
				0364DA15A9CCDBE2BCEB6C31 /* libembree.a */,
				718CD1B4EB72A557B1BF307E /* libsys.a */,
				3798BFE4D7F1BEEC6AE7021E /* libsimd.a */,
				27E3802934DA93A280B26E9A /* libembree_sse41.a */,
				9115803D0ADC8C1642F81147 /* libembree_sse42.a */,
				AB3E3086691E867E90E4C239 /* OpenGL.framework */,
				496591D3D27D9A87000FB06E /* QuartzCore.framework */,
				CDFE37715B7C2571AAD4D658 /* GLUT.framework */,
			);
			name = Frameworks;
			sourceTree = "<group>";
		};
		524238F9A386C7A5D35EF08C = {
			isa = PBXGroup;
			children = (
				71BC7BB5D33113AFECCC6A80 /* Sources */,
				0C6AA5A3515DD2626DE906BC /* Frameworks */,
				A831A75EE0A0BAE5FB1A0E88 /* Products */,
			);
			sourceTree = "<group>";
		};
		71BC7BB5D33113AFECCC6A80 /* Sources */ = {
			isa = PBXGroup;
			children = (
				EC8B2771B5E21105451B9B98 /* camera.cpp */,
				889844487F3AC06FD886C2A4 /* camera.h */,
				2AB5C65F9D87DE1A5E02B1D2 /* input.cpp */,
				657AB4B76515C0BC02FA7490 /* input.h */,
				E7F34BBB99F60DE504C45814 /* main.cpp */,
				31C9316454E1F95F57066C3C /* Makefile.py */,
				795957759A457B2C5E47D0C7 /* mathlib.cpp */,
				D0A6BFCD39B644BAAE41EE89 /* mathlib.h */,
				EEB8F65F39EF94A2E3A10C10 /* Mesh.h */,
				E9755E961DD4059EC51D9FB6 /* Test.h */,
				F93E537435DFB6F6101FE784 /* TestLightmapper.cpp */,
				2F38A1079CF9D8633130B0A3 /* TestLightmapper.h */,
				3F35595324F8F10E444B6A18 /* TestRadiosity.cpp */,
				6F575607D97593C1C00E629E /* TestRadiosity.h */,
			);
			name = Sources;
			sourceTree = "<group>";
		};
		A831A75EE0A0BAE5FB1A0E88 /* Products */ = {
			isa = PBXGroup;
			children = (
				17CBC6AF0EF082102471F5CF /* demo */,
			);
			name = Products;
			sourceTree = "<group>";
		};
/* End PBXGroup section */

/* Begin PBXNativeTarget section */
		547F644E3BB43850D6D75D71 /* demo */ = {
			isa = PBXNativeTarget;
			buildConfigurationList = CEF80A689F5A1D593F9AC500 /* Build configuration list for PBXNativeTarget "demo" */;
			buildPhases = (
				047687310510CD1272300D75 /* Sources */,
				6204F247DF0F1745933122B6 /* Frameworks */,
			);
			buildRules = (
			);
			dependencies = (
				B5270A7C8EC3CBC10AD5B2A0 /* PBXTargetDependency */,
			);
			name = demo;
			productName = demo;
			productReference = 17CBC6AF0EF082102471F5CF /* demo */;
			productType = "com.apple.product-type.tool";
		};
/* End PBXNativeTarget section */

/* Begin PBXProject section */
		91FDAB5DEA2383F4229ECDB8 /* Project object */ = {
			isa = PBXProject;
			attributes = {
				LastUpgradeCheck = 0510;
				ORGANIZATIONNAME = YAP;
			};
			buildConfigurationList = 27E3F4C7A29372A806CBA188 /* Build configuration list for PBXProject "demo" */;
			compatibilityVersion = "Xcode 3.2";
			developmentRegion = English;
			hasScannedForEncodings = 0;
			knownRegions = (
				en,
			);
			mainGroup = 524238F9A386C7A5D35EF08C;
			productRefGroup = A831A75EE0A0BAE5FB1A0E88 /* Products */;
			projectDirPath = "";
			projectRoot = "";
			targets = (
				547F644E3BB43850D6D75D71 /* demo */,
			);
		};
/* End PBXProject section */

/* Begin PBXSourcesBuildPhase section */
		047687310510CD1272300D75 /* Sources */ = {
			isa = PBXSourcesBuildPhase;
			buildActionMask = 2147483647;
			files = (
				672D9104274B3981126E1424 /* camera.cpp in Sources */,
				349A88718555E0B357C6D134 /* input.cpp in Sources */,
				408157BDB573A620C539411D /* main.cpp in Sources */,
				53189AC7A5F8AE40C45B56B0 /* mathlib.cpp in Sources */,
				EDAE0B907ECFE1F8AF5F9911 /* TestLightmapper.cpp in Sources */,
				CB7EEF208401E88E10B84A00 /* TestRadiosity.cpp in Sources */,
			);
			runOnlyForDeploymentPostprocessing = 0;
		};
/* End PBXSourcesBuildPhase section */

/* Begin PBXTargetDependency section */
		B5270A7C8EC3CBC10AD5B2A0 /* PBXTargetDependency */ = {
			isa = PBXTargetDependency;
			targetProxy = C5FA793B7B2A186F91F67580 /* PBXContainerItemProxy */;
		};
/* End PBXTargetDependency section */

/* Begin XCBuildConfiguration section */
		18FFE9BDEB42C23E12D4AF14 /* Debug */ = {
			isa = XCBuildConfiguration;
			buildSettings = {
				GCC_OPTIMIZATION_LEVEL = 0;
				GCC_PREPROCESSOR_DEFINITIONS = (
					DC_PLATFORM_MACOS,
					"DC_PLATFORM=MacOS",
					HAVE_OPENGL,
					HAVE_GLUT,
				);
				HEADER_SEARCH_PATHS = (
					../../../src/relight,
					"$(inherited)",
				);
				LIBRARY_SEARCH_PATHS = (
					/Users/DSovetov/Projects/test/github/relight/src/../externals/lib/MacOS,
					"$(inherited)",
				);
				PRODUCT_NAME = "$(TARGET_NAME)";
			};
			name = Debug;
		};
		420DF2451D8FE7266197BFA7 /* Release */ = {
			isa = XCBuildConfiguration;
			buildSettings = {
				GCC_PREPROCESSOR_DEFINITIONS = (
					DC_PLATFORM_MACOS,
					"DC_PLATFORM=MacOS",
					HAVE_OPENGL,
					HAVE_GLUT,
				);
				HEADER_SEARCH_PATHS = (
					../../../src/relight,
					"$(inherited)",
				);
				LIBRARY_SEARCH_PATHS = (
					/Users/DSovetov/Projects/test/github/relight/src/../externals/lib/MacOS,
					"$(inherited)",
				);
				PRODUCT_NAME = "$(TARGET_NAME)";
			};
			name = Release;
		};
		B18EBB9EDAAE05F095D753A8 /* Debug */ = {
			isa = XCBuildConfiguration;
			buildSettings = {
				ALWAYS_SEARCH_USER_PATHS = NO;
				ARCHS = x86_64;
				SDKROOT = macosx10.10;
			};
			name = Debug;
		};
		B325623303B288E57275BF76 /* Release */ = {
			isa = XCBuildConfiguration;
			buildSettings = {
				ALWAYS_SEARCH_USER_PATHS = NO;
				ARCHS = x86_64;
				SDKROOT = macosx10.10;
			};
			name = Release;
		};
/* End XCBuildConfiguration section */

/* Begin XCConfigurationList section */
		27E3F4C7A29372A806CBA188 /* Build configuration list for PBXProject "demo" */ = {
			isa = XCConfigurationList;
			buildConfigurations = (
				B18EBB9EDAAE05F095D753A8 /* Debug */,
				B325623303B288E57275BF76 /* Release */,
			);
			defaultConfigurationIsVisible = 0;
			defaultConfigurationName = Debug;
		};
		CEF80A689F5A1D593F9AC500 /* Build configuration list for PBXNativeTarget "demo" */ = {
			isa = XCConfigurationList;
			buildConfigurations = (
				18FFE9BDEB42C23E12D4AF14 /* Debug */,
				420DF2451D8FE7266197BFA7 /* Release */,
			);
			defaultConfigurationIsVisible = 0;
			defaultConfigurationName = Debug;
		};
/* End XCConfigurationList section */
	};
	rootObject = 91FDAB5DEA2383F4229ECDB8 /* Project object */;
}
