// !$*UTF8*$!
{
	archiveVersion = 1;
	classes = {
	};
	objectVersion = 46;
	objects = {

/* Begin PBXBuildFiles section */
		097245E6EE51948B88D3C301 /* Assets.cpp in demo */ = {isa = PBXBuildFile; fileRef = 5889BDDB4574F28FC9CE8F47 /* Assets.cpp */; };
		3EA0AD33589AF099B2470758 /* FbxLoader.cpp in demo */ = {isa = PBXBuildFile; fileRef = CFA2C8E29BC477156DAF464D /* FbxLoader.cpp */; };
		CA99A6CA279CB8E31EEB77A8 /* main.cpp in demo */ = {isa = PBXBuildFile; fileRef = B0C2A0EE1C7A70663404F8BF /* main.cpp */; };
		2112230E2EA98F6D75DC1E08 /* TestLightmapper.cpp in demo */ = {isa = PBXBuildFile; fileRef = FD026AB48B228D15B774955A /* TestLightmapper.cpp */; };
		2A5ACB6E553D1D0617ACFFEE /* TestRadiosity.cpp in demo */ = {isa = PBXBuildFile; fileRef = 9196ECAF27F30524D9E8C5EB /* TestRadiosity.cpp */; };
		EFC93FC763E597F4DC9466B8 /* Yaml.cpp in demo */ = {isa = PBXBuildFile; fileRef = BB1A9903ECBC16AB2BAD74F5 /* Yaml.cpp */; };
		3E3240F257120B12B28D4119 /* librelight.a in demo */ = {isa = PBXBuildFile; fileRef = 9CA2735BCA7CC1D858F70B0C /* librelight.a */; };
		151461E5B27718AA767EF493 /* libfbxsdk.a in demo */ = {isa = PBXBuildFile; fileRef = B1B5337E352B242AC34FF5FE /* libfbxsdk.a */; };
		6453FA0A804150590E0A9DC7 /* libfbxsdk.dylib in demo */ = {isa = PBXBuildFile; fileRef = 80B22886A9C16D16E571DD07 /* libfbxsdk.dylib */; };
		DBC1EF0A481850D131790884 /* libembree.a in demo */ = {isa = PBXBuildFile; fileRef = 64CAE17735E2B9AEF5297391 /* libembree.a */; };
		55CC9A925C33B75A14474274 /* libsys.a in demo */ = {isa = PBXBuildFile; fileRef = 22457F829FFCDD9481C52D38 /* libsys.a */; };
		4511ACEE85DA6970F0BBF399 /* libsimd.a in demo */ = {isa = PBXBuildFile; fileRef = D1792D2251513B4CBDF45E44 /* libsimd.a */; };
		F75C28FE90DB991D06480B7D /* libembree_sse41.a in demo */ = {isa = PBXBuildFile; fileRef = 86F671928E1E35C25BDCAEA4 /* libembree_sse41.a */; };
		2BB1CF8F293CFFB87F81DBB3 /* libembree_sse42.a in demo */ = {isa = PBXBuildFile; fileRef = B2FF256718DE1F4DAA3ECEED /* libembree_sse42.a */; };
		DE302F4E2122DCBB33F59D2D /* GLUT.framework in demo */ = {isa = PBXBuildFile; fileRef = 2B2E5A6D6687A3B952E578A7 /* GLUT.framework */; };
		8F597EB8D3B5C4D95E9BA681 /* OpenGL.framework in demo */ = {isa = PBXBuildFile; fileRef = E6B6337C7B62C5D62C4E011C /* OpenGL.framework */; };
		07905399937AC02870EA5586 /* QuartzCore.framework in demo */ = {isa = PBXBuildFile; fileRef = F6875DEBE0F7D1759915CB36 /* QuartzCore.framework */; };
		0C4B959E816A387412A0DA0A /* libyaml.a in demo */ = {isa = PBXBuildFile; fileRef = 2F44C9016208EE8E1FFA84A2 /* libyaml.a */; };

/* End PBXBuildFiles section */

/* Begin PBXContainerItemProxy section */

		E58B5E6369A3D8E06B8F8745 /* PBXContainerItemProxy */ = {
			isa = PBXContainerItemProxy;
			containerPortal = 2414EB56DF86A65EF5EB7BA0 /* Project object */;
			proxyType = 1;
			remoteGlobalIDString = 86428480D02E21233FD3482B;
			remoteInfo = relight;
		};

/* End PBXContainerItemProxy section */

/* Begin PBXFileReference section */
		4A463196B1F95F03EFE3736A /* demo */ = {isa = PBXFileReference; explicitFileType = compiled.mach-o.executable; includeInIndex = 0; name = demo; path = demo; sourceTree = BUILT_PRODUCTS_DIR; };
		5889BDDB4574F28FC9CE8F47 /* Assets.cpp */ = {isa = PBXFileReference; explicitFileType = sourcecode.cpp.cpp; includeInIndex = 0; name = Assets.cpp; path = ../../../src/demo/Assets.cpp; sourceTree = "<group>"; };
		5204EDC36D6FACF5C6695958 /* Assets.h */ = {isa = PBXFileReference; explicitFileType = sourcecode.c.h; includeInIndex = 0; name = Assets.h; path = ../../../src/demo/Assets.h; sourceTree = "<group>"; };
		CFA2C8E29BC477156DAF464D /* FbxLoader.cpp */ = {isa = PBXFileReference; explicitFileType = sourcecode.cpp.cpp; includeInIndex = 0; name = FbxLoader.cpp; path = ../../../src/demo/FbxLoader.cpp; sourceTree = "<group>"; };
		0F13C7401DA9C916285CE2C6 /* FbxLoader.h */ = {isa = PBXFileReference; explicitFileType = sourcecode.c.h; includeInIndex = 0; name = FbxLoader.h; path = ../../../src/demo/FbxLoader.h; sourceTree = "<group>"; };
		B0C2A0EE1C7A70663404F8BF /* main.cpp */ = {isa = PBXFileReference; explicitFileType = sourcecode.cpp.cpp; includeInIndex = 0; name = main.cpp; path = ../../../src/demo/main.cpp; sourceTree = "<group>"; };
		F1DF1A43221F96D034558003 /* Makefile.py */ = {isa = PBXFileReference; explicitFileType = sourcecode; includeInIndex = 0; name = Makefile.py; path = ../../../src/demo/Makefile.py; sourceTree = "<group>"; };
		4D9F1D77404E3645271C7BE7 /* Test.h */ = {isa = PBXFileReference; explicitFileType = sourcecode.c.h; includeInIndex = 0; name = Test.h; path = ../../../src/demo/Test.h; sourceTree = "<group>"; };
		FD026AB48B228D15B774955A /* TestLightmapper.cpp */ = {isa = PBXFileReference; explicitFileType = sourcecode.cpp.cpp; includeInIndex = 0; name = TestLightmapper.cpp; path = ../../../src/demo/TestLightmapper.cpp; sourceTree = "<group>"; };
		C3F2C26EE5C8543168AD51B3 /* TestLightmapper.h */ = {isa = PBXFileReference; explicitFileType = sourcecode.c.h; includeInIndex = 0; name = TestLightmapper.h; path = ../../../src/demo/TestLightmapper.h; sourceTree = "<group>"; };
		9196ECAF27F30524D9E8C5EB /* TestRadiosity.cpp */ = {isa = PBXFileReference; explicitFileType = sourcecode.cpp.cpp; includeInIndex = 0; name = TestRadiosity.cpp; path = ../../../src/demo/TestRadiosity.cpp; sourceTree = "<group>"; };
		D41E4E04F95FF38CBDC83253 /* TestRadiosity.h */ = {isa = PBXFileReference; explicitFileType = sourcecode.c.h; includeInIndex = 0; name = TestRadiosity.h; path = ../../../src/demo/TestRadiosity.h; sourceTree = "<group>"; };
		618A3C68F5C7CE4A38E417D0 /* Value.h */ = {isa = PBXFileReference; explicitFileType = sourcecode.c.h; includeInIndex = 0; name = Value.h; path = ../../../src/demo/Value.h; sourceTree = "<group>"; };
		BB1A9903ECBC16AB2BAD74F5 /* Yaml.cpp */ = {isa = PBXFileReference; explicitFileType = sourcecode.cpp.cpp; includeInIndex = 0; name = Yaml.cpp; path = ../../../src/demo/Yaml.cpp; sourceTree = "<group>"; };
		215B06685601CD9C84B4D35A /* Yaml.h */ = {isa = PBXFileReference; explicitFileType = sourcecode.c.h; includeInIndex = 0; name = Yaml.h; path = ../../../src/demo/Yaml.h; sourceTree = "<group>"; };
		9CA2735BCA7CC1D858F70B0C /* librelight.a */ = {isa = PBXFileReference; explicitFileType = archive.ar; includeInIndex = 0; name = librelight.a; path = librelight.a; sourceTree = BUILT_PRODUCTS_DIR; };
		B1B5337E352B242AC34FF5FE /* libfbxsdk.a */ = {isa = PBXFileReference; explicitFileType = archive.ar; includeInIndex = 0; name = libfbxsdk.a; path = /Users/DSovetov/Projects/test/github/relight/externals/lib/MacOS/libfbxsdk.a; sourceTree = "<group>"; };
		80B22886A9C16D16E571DD07 /* libfbxsdk.dylib */ = {isa = PBXFileReference; explicitFileType = archive.ar; includeInIndex = 0; name = libfbxsdk.dylib; path = /Users/DSovetov/Projects/test/github/relight/externals/lib/MacOS/libfbxsdk.dylib; sourceTree = "<group>"; };
		64CAE17735E2B9AEF5297391 /* libembree.a */ = {isa = PBXFileReference; explicitFileType = archive.ar; includeInIndex = 0; name = libembree.a; path = /Users/DSovetov/Projects/test/github/relight/externals/lib/MacOS/libembree.a; sourceTree = "<group>"; };
		22457F829FFCDD9481C52D38 /* libsys.a */ = {isa = PBXFileReference; explicitFileType = archive.ar; includeInIndex = 0; name = libsys.a; path = /Users/DSovetov/Projects/test/github/relight/externals/lib/MacOS/libsys.a; sourceTree = "<group>"; };
		D1792D2251513B4CBDF45E44 /* libsimd.a */ = {isa = PBXFileReference; explicitFileType = archive.ar; includeInIndex = 0; name = libsimd.a; path = /Users/DSovetov/Projects/test/github/relight/externals/lib/MacOS/libsimd.a; sourceTree = "<group>"; };
		86F671928E1E35C25BDCAEA4 /* libembree_sse41.a */ = {isa = PBXFileReference; explicitFileType = archive.ar; includeInIndex = 0; name = libembree_sse41.a; path = /Users/DSovetov/Projects/test/github/relight/externals/lib/MacOS/libembree_sse41.a; sourceTree = "<group>"; };
		B2FF256718DE1F4DAA3ECEED /* libembree_sse42.a */ = {isa = PBXFileReference; explicitFileType = archive.ar; includeInIndex = 0; name = libembree_sse42.a; path = /Users/DSovetov/Projects/test/github/relight/externals/lib/MacOS/libembree_sse42.a; sourceTree = "<group>"; };
		2B2E5A6D6687A3B952E578A7 /* GLUT.framework */ = {isa = PBXFileReference; explicitFileType = wrapper.framework; includeInIndex = 0; name = GLUT.framework; path = /Applications/Xcode.app/Contents/Developer/Platforms/MacOSX.platform/Developer/SDKs/MacOSX10.10.sdk/System/Library/Frameworks/GLUT.framework; sourceTree = "<group>"; };
		E6B6337C7B62C5D62C4E011C /* OpenGL.framework */ = {isa = PBXFileReference; explicitFileType = wrapper.framework; includeInIndex = 0; name = OpenGL.framework; path = /Applications/Xcode.app/Contents/Developer/Platforms/MacOSX.platform/Developer/SDKs/MacOSX10.10.sdk/System/Library/Frameworks/OpenGL.framework; sourceTree = "<group>"; };
		F6875DEBE0F7D1759915CB36 /* QuartzCore.framework */ = {isa = PBXFileReference; explicitFileType = wrapper.framework; includeInIndex = 0; name = QuartzCore.framework; path = /Applications/Xcode.app/Contents/Developer/Platforms/MacOSX.platform/Developer/SDKs/MacOSX10.10.sdk/System/Library/Frameworks/QuartzCore.framework; sourceTree = "<group>"; };
		2F44C9016208EE8E1FFA84A2 /* libyaml.a */ = {isa = PBXFileReference; explicitFileType = archive.ar; includeInIndex = 0; name = libyaml.a; path = /Users/DSovetov/Projects/test/github/relight/externals/lib/MacOS/libyaml.a; sourceTree = "<group>"; };

/* End PBXFileReference section */

/* Begin PBXGroup section */

		A1BAA8481D4BECBCCFCBB6EB /* None */ = {
			isa = PBXGroup;
			children = (
				98C48BFC3408CBE022A02823 /* Sources */,
				166F58D521084880B9A1B7BB /* Frameworks */,
				31D9FD6C65034C5DC42F8FC1 /* Products */,

			);
			
			sourceTree = "<group>";
		};

		98C48BFC3408CBE022A02823 /* Sources */ = {
			isa = PBXGroup;
			children = (
				5889BDDB4574F28FC9CE8F47 /* Assets.cpp */,
				5204EDC36D6FACF5C6695958 /* Assets.h */,
				CFA2C8E29BC477156DAF464D /* FbxLoader.cpp */,
				0F13C7401DA9C916285CE2C6 /* FbxLoader.h */,
				B0C2A0EE1C7A70663404F8BF /* main.cpp */,
				F1DF1A43221F96D034558003 /* Makefile.py */,
				4D9F1D77404E3645271C7BE7 /* Test.h */,
				FD026AB48B228D15B774955A /* TestLightmapper.cpp */,
				C3F2C26EE5C8543168AD51B3 /* TestLightmapper.h */,
				9196ECAF27F30524D9E8C5EB /* TestRadiosity.cpp */,
				D41E4E04F95FF38CBDC83253 /* TestRadiosity.h */,
				618A3C68F5C7CE4A38E417D0 /* Value.h */,
				BB1A9903ECBC16AB2BAD74F5 /* Yaml.cpp */,
				215B06685601CD9C84B4D35A /* Yaml.h */,

			);
			name = Sources;
			sourceTree = "<group>";
		};

		166F58D521084880B9A1B7BB /* Frameworks */ = {
			isa = PBXGroup;
			children = (
				9CA2735BCA7CC1D858F70B0C /* librelight.a */,
				B1B5337E352B242AC34FF5FE /* libfbxsdk.a */,
				80B22886A9C16D16E571DD07 /* libfbxsdk.dylib */,
				64CAE17735E2B9AEF5297391 /* libembree.a */,
				22457F829FFCDD9481C52D38 /* libsys.a */,
				D1792D2251513B4CBDF45E44 /* libsimd.a */,
				86F671928E1E35C25BDCAEA4 /* libembree_sse41.a */,
				B2FF256718DE1F4DAA3ECEED /* libembree_sse42.a */,
				2B2E5A6D6687A3B952E578A7 /* GLUT.framework */,
				E6B6337C7B62C5D62C4E011C /* OpenGL.framework */,
				F6875DEBE0F7D1759915CB36 /* QuartzCore.framework */,
				2F44C9016208EE8E1FFA84A2 /* libyaml.a */,

			);
			name = Frameworks;
			sourceTree = "<group>";
		};

		31D9FD6C65034C5DC42F8FC1 /* Products */ = {
			isa = PBXGroup;
			children = (
				4A463196B1F95F03EFE3736A /* demo */,

			);
			name = Products;
			sourceTree = "<group>";
		};

/* End PBXGroup section */

/* Begin PBXNativeTarget section */

		9E69D4BE7014387894CF6332 /* demo */ = {
			isa = PBXNativeTarget;
			buildConfigurationList = E420A8068218B1E4F66AB523 /* Build configuration list for PBXNativeTarget "demo" */;
			buildPhases = (
				4631602B0BD6859EEF98334A /* Sources */,
				20B2CC9C356CCB17DB419E18 /* Frameworks */,

			);
			buildRules = (
			);
			dependencies = (
				DBF7D8CB672DEA8B28C0561F /* relight */,

			);
			name = demo;
			productName = demo;
			productReference = 4A463196B1F95F03EFE3736A /* demo */;
			productType = "com.apple.product-type.tool";
		};

/* End PBXNativeTarget section */

/* Begin PBXProject section */

		2414EB56DF86A65EF5EB7BA0 /* Project object */ = {
			isa = PBXProject;
			attributes = {
				LastUpgradeCheck = 0510;
				ORGANIZATIONNAME = YAP;
				TargetAttributes = {

				};
			};
			buildConfigurationList = 5441FEBC44AF2146578641C6 /* Build configuration list for PBXProject "demo" */;
			compatibilityVersion = "Xcode 3.2";
			developmentRegion = English;
			hasScannedForEncodings = 0;
			knownRegions = (
				en,
			);
			mainGroup = A1BAA8481D4BECBCCFCBB6EB;
			productRefGroup = 31D9FD6C65034C5DC42F8FC1 /* Products */;
			projectDirPath = "";
			projectRoot = "";
			targets = (
				9E69D4BE7014387894CF6332 /* demo */,

			);
		};

/* End PBXProject section */

/* Begin PBXBuildPhase section */

		4631602B0BD6859EEF98334A /* demo */ = {
			isa = PBXSourcesBuildPhase;
			buildActionMask = 2147483647;
			files = (
				097245E6EE51948B88D3C301 /* Assets.cpp */,
				3EA0AD33589AF099B2470758 /* FbxLoader.cpp */,
				CA99A6CA279CB8E31EEB77A8 /* main.cpp */,
				2112230E2EA98F6D75DC1E08 /* TestLightmapper.cpp */,
				2A5ACB6E553D1D0617ACFFEE /* TestRadiosity.cpp */,
				EFC93FC763E597F4DC9466B8 /* Yaml.cpp */,

			);
			runOnlyForDeploymentPostprocessing = 0;
		};

		20B2CC9C356CCB17DB419E18 /* demo */ = {
			isa = PBXFrameworksBuildPhase;
			buildActionMask = 2147483647;
			files = (
				3E3240F257120B12B28D4119 /* librelight.a */,
				151461E5B27718AA767EF493 /* libfbxsdk.a */,
				6453FA0A804150590E0A9DC7 /* libfbxsdk.dylib */,
				DBC1EF0A481850D131790884 /* libembree.a */,
				55CC9A925C33B75A14474274 /* libsys.a */,
				4511ACEE85DA6970F0BBF399 /* libsimd.a */,
				F75C28FE90DB991D06480B7D /* libembree_sse41.a */,
				2BB1CF8F293CFFB87F81DBB3 /* libembree_sse42.a */,
				DE302F4E2122DCBB33F59D2D /* GLUT.framework */,
				8F597EB8D3B5C4D95E9BA681 /* OpenGL.framework */,
				07905399937AC02870EA5586 /* QuartzCore.framework */,
				0C4B959E816A387412A0DA0A /* libyaml.a */,

			);
			runOnlyForDeploymentPostprocessing = 0;
		};

/* End PBXBuildPhase section */

/* Begin PBXTargetDependency section */

		DBF7D8CB672DEA8B28C0561F /* PBXTargetDependency */ = {
			isa = PBXTargetDependency;
			target = 86428480D02E21233FD3482B /* relight */;
			targetProxy = E58B5E6369A3D8E06B8F8745 /* PBXContainerItemProxy */;
		};

/* End PBXTargetDependency section */

/* Begin PBXConfiguration section */

		1925DCD9C0FB7008465834C5 /* Debug */ = {
			isa = XCBuildConfiguration;
			buildSettings = {
				SDKROOT = macosx10.10;
				ALWAYS_SEARCH_USER_PATHS = NO;
				ARCHS = x86_64;

			};
			name = Debug;
		};

		20A7E0278C06B7BC8383FC33 /* Release */ = {
			isa = XCBuildConfiguration;
			buildSettings = {
				SDKROOT = macosx10.10;
				ALWAYS_SEARCH_USER_PATHS = NO;
				ARCHS = x86_64;

			};
			name = Release;
		};

		F9C84C48D6156236F14D531B /* Debug */ = {
			isa = XCBuildConfiguration;
			buildSettings = {
				LIBRARY_SEARCH_PATHS = (
					"../externals/lib/MacOS",
					"$(inherited)",
					"/Users/DSovetov/Projects/test/github/relight/externals/lib/MacOS",
				);
				FRAMEWORK_SEARCH_PATHS = (
					"/Applications/Xcode.app/Contents/Developer/Platforms/MacOSX.platform/Developer/SDKs/MacOSX10.10.sdk/System/Library/Frameworks",
				);
				HEADER_SEARCH_PATHS = (
					"/Users/DSovetov/Projects/test/github/relight/externals/include",
					"",
					"/Users/DSovetov/Projects/test/github/relight/src/relight",
					"$(inherited)",
				);
				PRODUCT_NAME = "$(TARGET_NAME)";
				GCC_PREPROCESSOR_DEFINITIONS = (
					"DC_PLATFORM_MACOS",
					"",
					"DC_PLATFORM=MacOS",
				);

			};
			name = Debug;
		};

		04A8B969B7E7E37B95566FD7 /* Release */ = {
			isa = XCBuildConfiguration;
			buildSettings = {
				LIBRARY_SEARCH_PATHS = (
					"../externals/lib/MacOS",
					"$(inherited)",
					"/Users/DSovetov/Projects/test/github/relight/externals/lib/MacOS",
				);
				FRAMEWORK_SEARCH_PATHS = (
					"/Applications/Xcode.app/Contents/Developer/Platforms/MacOSX.platform/Developer/SDKs/MacOSX10.10.sdk/System/Library/Frameworks",
				);
				HEADER_SEARCH_PATHS = (
					"/Users/DSovetov/Projects/test/github/relight/externals/include",
					"",
					"/Users/DSovetov/Projects/test/github/relight/src/relight",
					"$(inherited)",
				);
				PRODUCT_NAME = "$(TARGET_NAME)";
				GCC_PREPROCESSOR_DEFINITIONS = (
					"DC_PLATFORM_MACOS",
					"",
					"DC_PLATFORM=MacOS",
				);

			};
			name = Release;
		};

/* End PBXConfiguration section */

/* Begin PBXConfigurationList section */

		5441FEBC44AF2146578641C6 /* Build configuration list for PBXProject demo */ = {
			isa = XCConfigurationList;
			buildConfigurations = (
				1925DCD9C0FB7008465834C5 /* Debug */,
				20A7E0278C06B7BC8383FC33 /* Release */,

			);
			defaultConfigurationIsVisible = 0;
			defaultConfigurationName = Debug;
		};

		E420A8068218B1E4F66AB523 /* Build configuration list for PBXNativeTarget demo */ = {
			isa = XCConfigurationList;
			buildConfigurations = (
				F9C84C48D6156236F14D531B /* Debug */,
				04A8B969B7E7E37B95566FD7 /* Release */,

			);
			defaultConfigurationIsVisible = 0;
			defaultConfigurationName = Debug;
		};

/* End PBXConfigurationList section */

	};
	rootObject = 2414EB56DF86A65EF5EB7BA0 /* Project object */;
}
